// !$*UTF8*$!
{
	archiveVersion = 1;
	classes = {
	};
	objectVersion = 55;
	objects = {

/* Begin PBXBuildFile section */
		3585414628F8DCFB00609119 /* AppDelegate.swift in Sources */ = {isa = PBXBuildFile; fileRef = 3585414528F8DCFB00609119 /* AppDelegate.swift */; };
		3585414828F8DCFB00609119 /* SceneDelegate.swift in Sources */ = {isa = PBXBuildFile; fileRef = 3585414728F8DCFB00609119 /* SceneDelegate.swift */; };
		3585414A28F8DCFB00609119 /* ViewController.swift in Sources */ = {isa = PBXBuildFile; fileRef = 3585414928F8DCFB00609119 /* ViewController.swift */; };
		3585414D28F8DCFB00609119 /* Main.storyboard in Resources */ = {isa = PBXBuildFile; fileRef = 3585414B28F8DCFB00609119 /* Main.storyboard */; };
		3585415028F8DCFB00609119 /* LnkrTask.xcdatamodeld in Sources */ = {isa = PBXBuildFile; fileRef = 3585414E28F8DCFB00609119 /* LnkrTask.xcdatamodeld */; };
		3585415228F8DCFD00609119 /* Assets.xcassets in Resources */ = {isa = PBXBuildFile; fileRef = 3585415128F8DCFD00609119 /* Assets.xcassets */; };
		3585415528F8DCFD00609119 /* LaunchScreen.storyboard in Resources */ = {isa = PBXBuildFile; fileRef = 3585415328F8DCFD00609119 /* LaunchScreen.storyboard */; };
		3585416028F8DCFE00609119 /* LnkrTaskTests.swift in Sources */ = {isa = PBXBuildFile; fileRef = 3585415F28F8DCFE00609119 /* LnkrTaskTests.swift */; };
		3585416A28F8DCFE00609119 /* LnkrTaskUITests.swift in Sources */ = {isa = PBXBuildFile; fileRef = 3585416928F8DCFE00609119 /* LnkrTaskUITests.swift */; };
		3585416C28F8DCFE00609119 /* LnkrTaskUITestsLaunchTests.swift in Sources */ = {isa = PBXBuildFile; fileRef = 3585416B28F8DCFE00609119 /* LnkrTaskUITestsLaunchTests.swift */; };
/* End PBXBuildFile section */

/* Begin PBXContainerItemProxy section */
		3585415C28F8DCFE00609119 /* PBXContainerItemProxy */ = {
			isa = PBXContainerItemProxy;
			containerPortal = 3585413A28F8DCFA00609119 /* Project object */;
			proxyType = 1;
			remoteGlobalIDString = 3585414128F8DCFA00609119;
			remoteInfo = LnkrTask;
		};
		3585416628F8DCFE00609119 /* PBXContainerItemProxy */ = {
			isa = PBXContainerItemProxy;
			containerPortal = 3585413A28F8DCFA00609119 /* Project object */;
			proxyType = 1;
			remoteGlobalIDString = 3585414128F8DCFA00609119;
			remoteInfo = LnkrTask;
		};
/* End PBXContainerItemProxy section */

/* Begin PBXFileReference section */
		3585414228F8DCFB00609119 /* LnkrTask.app */ = {isa = PBXFileReference; explicitFileType = wrapper.application; includeInIndex = 0; path = LnkrTask.app; sourceTree = BUILT_PRODUCTS_DIR; };
		3585414528F8DCFB00609119 /* AppDelegate.swift */ = {isa = PBXFileReference; lastKnownFileType = sourcecode.swift; path = AppDelegate.swift; sourceTree = "<group>"; };
		3585414728F8DCFB00609119 /* SceneDelegate.swift */ = {isa = PBXFileReference; lastKnownFileType = sourcecode.swift; path = SceneDelegate.swift; sourceTree = "<group>"; };
		3585414928F8DCFB00609119 /* ViewController.swift */ = {isa = PBXFileReference; lastKnownFileType = sourcecode.swift; path = ViewController.swift; sourceTree = "<group>"; };
		3585414C28F8DCFB00609119 /* Base */ = {isa = PBXFileReference; lastKnownFileType = file.storyboard; name = Base; path = Base.lproj/Main.storyboard; sourceTree = "<group>"; };
		3585414F28F8DCFB00609119 /* LnkrTask.xcdatamodel */ = {isa = PBXFileReference; lastKnownFileType = wrapper.xcdatamodel; path = LnkrTask.xcdatamodel; sourceTree = "<group>"; };
		3585415128F8DCFD00609119 /* Assets.xcassets */ = {isa = PBXFileReference; lastKnownFileType = folder.assetcatalog; path = Assets.xcassets; sourceTree = "<group>"; };
		3585415428F8DCFD00609119 /* Base */ = {isa = PBXFileReference; lastKnownFileType = file.storyboard; name = Base; path = Base.lproj/LaunchScreen.storyboard; sourceTree = "<group>"; };
		3585415628F8DCFD00609119 /* Info.plist */ = {isa = PBXFileReference; lastKnownFileType = text.plist.xml; path = Info.plist; sourceTree = "<group>"; };
		3585415B28F8DCFE00609119 /* LnkrTaskTests.xctest */ = {isa = PBXFileReference; explicitFileType = wrapper.cfbundle; includeInIndex = 0; path = LnkrTaskTests.xctest; sourceTree = BUILT_PRODUCTS_DIR; };
		3585415F28F8DCFE00609119 /* LnkrTaskTests.swift */ = {isa = PBXFileReference; lastKnownFileType = sourcecode.swift; path = LnkrTaskTests.swift; sourceTree = "<group>"; };
		3585416528F8DCFE00609119 /* LnkrTaskUITests.xctest */ = {isa = PBXFileReference; explicitFileType = wrapper.cfbundle; includeInIndex = 0; path = LnkrTaskUITests.xctest; sourceTree = BUILT_PRODUCTS_DIR; };
		3585416928F8DCFE00609119 /* LnkrTaskUITests.swift */ = {isa = PBXFileReference; lastKnownFileType = sourcecode.swift; path = LnkrTaskUITests.swift; sourceTree = "<group>"; };
		3585416B28F8DCFE00609119 /* LnkrTaskUITestsLaunchTests.swift */ = {isa = PBXFileReference; lastKnownFileType = sourcecode.swift; path = LnkrTaskUITestsLaunchTests.swift; sourceTree = "<group>"; };
/* End PBXFileReference section */

/* Begin PBXFrameworksBuildPhase section */
		3585413F28F8DCFA00609119 /* Frameworks */ = {
			isa = PBXFrameworksBuildPhase;
			buildActionMask = 2147483647;
			files = (
			);
			runOnlyForDeploymentPostprocessing = 0;
		};
		3585415828F8DCFE00609119 /* Frameworks */ = {
			isa = PBXFrameworksBuildPhase;
			buildActionMask = 2147483647;
			files = (
			);
			runOnlyForDeploymentPostprocessing = 0;
		};
		3585416228F8DCFE00609119 /* Frameworks */ = {
			isa = PBXFrameworksBuildPhase;
			buildActionMask = 2147483647;
			files = (
			);
			runOnlyForDeploymentPostprocessing = 0;
		};
/* End PBXFrameworksBuildPhase section */

/* Begin PBXGroup section */
		3585413928F8DCFA00609119 = {
			isa = PBXGroup;
			children = (
				3585414428F8DCFB00609119 /* LnkrTask */,
				3585415E28F8DCFE00609119 /* LnkrTaskTests */,
				3585416828F8DCFE00609119 /* LnkrTaskUITests */,
				3585414328F8DCFB00609119 /* Products */,
			);
			sourceTree = "<group>";
		};
		3585414328F8DCFB00609119 /* Products */ = {
			isa = PBXGroup;
			children = (
				3585414228F8DCFB00609119 /* LnkrTask.app */,
				3585415B28F8DCFE00609119 /* LnkrTaskTests.xctest */,
				3585416528F8DCFE00609119 /* LnkrTaskUITests.xctest */,
			);
			name = Products;
			sourceTree = "<group>";
		};
		3585414428F8DCFB00609119 /* LnkrTask */ = {
			isa = PBXGroup;
			children = (
				3585414528F8DCFB00609119 /* AppDelegate.swift */,
				3585414728F8DCFB00609119 /* SceneDelegate.swift */,
				3585414928F8DCFB00609119 /* ViewController.swift */,
				3585414B28F8DCFB00609119 /* Main.storyboard */,
				3585415128F8DCFD00609119 /* Assets.xcassets */,
				3585415328F8DCFD00609119 /* LaunchScreen.storyboard */,
				3585415628F8DCFD00609119 /* Info.plist */,
				3585414E28F8DCFB00609119 /* LnkrTask.xcdatamodeld */,
			);
			path = LnkrTask;
			sourceTree = "<group>";
		};
		3585415E28F8DCFE00609119 /* LnkrTaskTests */ = {
			isa = PBXGroup;
			children = (
				3585415F28F8DCFE00609119 /* LnkrTaskTests.swift */,
			);
			path = LnkrTaskTests;
			sourceTree = "<group>";
		};
		3585416828F8DCFE00609119 /* LnkrTaskUITests */ = {
			isa = PBXGroup;
			children = (
				3585416928F8DCFE00609119 /* LnkrTaskUITests.swift */,
				3585416B28F8DCFE00609119 /* LnkrTaskUITestsLaunchTests.swift */,
			);
			path = LnkrTaskUITests;
			sourceTree = "<group>";
		};
/* End PBXGroup section */

/* Begin PBXNativeTarget section */
		3585414128F8DCFA00609119 /* LnkrTask */ = {
			isa = PBXNativeTarget;
			buildConfigurationList = 3585416F28F8DCFE00609119 /* Build configuration list for PBXNativeTarget "LnkrTask" */;
			buildPhases = (
				3585413E28F8DCFA00609119 /* Sources */,
				3585413F28F8DCFA00609119 /* Frameworks */,
				3585414028F8DCFA00609119 /* Resources */,
			);
			buildRules = (
			);
			dependencies = (
			);
			name = LnkrTask;
			productName = LnkrTask;
			productReference = 3585414228F8DCFB00609119 /* LnkrTask.app */;
			productType = "com.apple.product-type.application";
		};
		3585415A28F8DCFE00609119 /* LnkrTaskTests */ = {
			isa = PBXNativeTarget;
			buildConfigurationList = 3585417228F8DCFE00609119 /* Build configuration list for PBXNativeTarget "LnkrTaskTests" */;
			buildPhases = (
				3585415728F8DCFE00609119 /* Sources */,
				3585415828F8DCFE00609119 /* Frameworks */,
				3585415928F8DCFE00609119 /* Resources */,
			);
			buildRules = (
			);
			dependencies = (
				3585415D28F8DCFE00609119 /* PBXTargetDependency */,
			);
			name = LnkrTaskTests;
			productName = LnkrTaskTests;
			productReference = 3585415B28F8DCFE00609119 /* LnkrTaskTests.xctest */;
			productType = "com.apple.product-type.bundle.unit-test";
		};
		3585416428F8DCFE00609119 /* LnkrTaskUITests */ = {
			isa = PBXNativeTarget;
			buildConfigurationList = 3585417528F8DCFE00609119 /* Build configuration list for PBXNativeTarget "LnkrTaskUITests" */;
			buildPhases = (
				3585416128F8DCFE00609119 /* Sources */,
				3585416228F8DCFE00609119 /* Frameworks */,
				3585416328F8DCFE00609119 /* Resources */,
			);
			buildRules = (
			);
			dependencies = (
				3585416728F8DCFE00609119 /* PBXTargetDependency */,
			);
			name = LnkrTaskUITests;
			productName = LnkrTaskUITests;
			productReference = 3585416528F8DCFE00609119 /* LnkrTaskUITests.xctest */;
			productType = "com.apple.product-type.bundle.ui-testing";
		};
/* End PBXNativeTarget section */

/* Begin PBXProject section */
		3585413A28F8DCFA00609119 /* Project object */ = {
			isa = PBXProject;
			attributes = {
				BuildIndependentTargetsInParallel = 1;
				LastSwiftUpdateCheck = 1340;
				LastUpgradeCheck = 1340;
				TargetAttributes = {
					3585414128F8DCFA00609119 = {
						CreatedOnToolsVersion = 13.4.1;
					};
					3585415A28F8DCFE00609119 = {
						CreatedOnToolsVersion = 13.4.1;
						TestTargetID = 3585414128F8DCFA00609119;
					};
					3585416428F8DCFE00609119 = {
						CreatedOnToolsVersion = 13.4.1;
						TestTargetID = 3585414128F8DCFA00609119;
					};
				};
			};
			buildConfigurationList = 3585413D28F8DCFA00609119 /* Build configuration list for PBXProject "LnkrTask" */;
			compatibilityVersion = "Xcode 13.0";
			developmentRegion = en;
			hasScannedForEncodings = 0;
			knownRegions = (
				en,
				Base,
			);
			mainGroup = 3585413928F8DCFA00609119;
			productRefGroup = 3585414328F8DCFB00609119 /* Products */;
			projectDirPath = "";
			projectRoot = "";
			targets = (
				3585414128F8DCFA00609119 /* LnkrTask */,
				3585415A28F8DCFE00609119 /* LnkrTaskTests */,
				3585416428F8DCFE00609119 /* LnkrTaskUITests */,
			);
		};
/* End PBXProject section */

/* Begin PBXResourcesBuildPhase section */
		3585414028F8DCFA00609119 /* Resources */ = {
			isa = PBXResourcesBuildPhase;
			buildActionMask = 2147483647;
			files = (
				3585415528F8DCFD00609119 /* LaunchScreen.storyboard in Resources */,
				3585415228F8DCFD00609119 /* Assets.xcassets in Resources */,
				3585414D28F8DCFB00609119 /* Main.storyboard in Resources */,
			);
			runOnlyForDeploymentPostprocessing = 0;
		};
		3585415928F8DCFE00609119 /* Resources */ = {
			isa = PBXResourcesBuildPhase;
			buildActionMask = 2147483647;
			files = (
			);
			runOnlyForDeploymentPostprocessing = 0;
		};
		3585416328F8DCFE00609119 /* Resources */ = {
			isa = PBXResourcesBuildPhase;
			buildActionMask = 2147483647;
			files = (
			);
			runOnlyForDeploymentPostprocessing = 0;
		};
/* End PBXResourcesBuildPhase section */

/* Begin PBXSourcesBuildPhase section */
		3585413E28F8DCFA00609119 /* Sources */ = {
			isa = PBXSourcesBuildPhase;
			buildActionMask = 2147483647;
			files = (
				3585414A28F8DCFB00609119 /* ViewController.swift in Sources */,
				3585414628F8DCFB00609119 /* AppDelegate.swift in Sources */,
				3585414828F8DCFB00609119 /* SceneDelegate.swift in Sources */,
				3585415028F8DCFB00609119 /* LnkrTask.xcdatamodeld in Sources */,
			);
			runOnlyForDeploymentPostprocessing = 0;
		};
		3585415728F8DCFE00609119 /* Sources */ = {
			isa = PBXSourcesBuildPhase;
			buildActionMask = 2147483647;
			files = (
				3585416028F8DCFE00609119 /* LnkrTaskTests.swift in Sources */,
			);
			runOnlyForDeploymentPostprocessing = 0;
		};
		3585416128F8DCFE00609119 /* Sources */ = {
			isa = PBXSourcesBuildPhase;
			buildActionMask = 2147483647;
			files = (
				3585416C28F8DCFE00609119 /* LnkrTaskUITestsLaunchTests.swift in Sources */,
				3585416A28F8DCFE00609119 /* LnkrTaskUITests.swift in Sources */,
			);
			runOnlyForDeploymentPostprocessing = 0;
		};
/* End PBXSourcesBuildPhase section */

/* Begin PBXTargetDependency section */
		3585415D28F8DCFE00609119 /* PBXTargetDependency */ = {
			isa = PBXTargetDependency;
			target = 3585414128F8DCFA00609119 /* LnkrTask */;
			targetProxy = 3585415C28F8DCFE00609119 /* PBXContainerItemProxy */;
		};
		3585416728F8DCFE00609119 /* PBXTargetDependency */ = {
			isa = PBXTargetDependency;
			target = 3585414128F8DCFA00609119 /* LnkrTask */;
			targetProxy = 3585416628F8DCFE00609119 /* PBXContainerItemProxy */;
		};
/* End PBXTargetDependency section */

/* Begin PBXVariantGroup section */
		3585414B28F8DCFB00609119 /* Main.storyboard */ = {
			isa = PBXVariantGroup;
			children = (
				3585414C28F8DCFB00609119 /* Base */,
			);
			name = Main.storyboard;
			sourceTree = "<group>";
		};
		3585415328F8DCFD00609119 /* LaunchScreen.storyboard */ = {
			isa = PBXVariantGroup;
			children = (
				3585415428F8DCFD00609119 /* Base */,
			);
			name = LaunchScreen.storyboard;
			sourceTree = "<group>";
		};
/* End PBXVariantGroup section */

/* Begin XCBuildConfiguration section */
		3585416D28F8DCFE00609119 /* Debug */ = {
			isa = XCBuildConfiguration;
			buildSettings = {
				ALWAYS_SEARCH_USER_PATHS = NO;
				CLANG_ANALYZER_NONNULL = YES;
				CLANG_ANALYZER_NUMBER_OBJECT_CONVERSION = YES_AGGRESSIVE;
				CLANG_CXX_LANGUAGE_STANDARD = "gnu++17";
				CLANG_ENABLE_MODULES = YES;
				CLANG_ENABLE_OBJC_ARC = YES;
				CLANG_ENABLE_OBJC_WEAK = YES;
				CLANG_WARN_BLOCK_CAPTURE_AUTORELEASING = YES;
				CLANG_WARN_BOOL_CONVERSION = YES;
				CLANG_WARN_COMMA = YES;
				CLANG_WARN_CONSTANT_CONVERSION = YES;
				CLANG_WARN_DEPRECATED_OBJC_IMPLEMENTATIONS = YES;
				CLANG_WARN_DIRECT_OBJC_ISA_USAGE = YES_ERROR;
				CLANG_WARN_DOCUMENTATION_COMMENTS = YES;
				CLANG_WARN_EMPTY_BODY = YES;
				CLANG_WARN_ENUM_CONVERSION = YES;
				CLANG_WARN_INFINITE_RECURSION = YES;
				CLANG_WARN_INT_CONVERSION = YES;
				CLANG_WARN_NON_LITERAL_NULL_CONVERSION = YES;
				CLANG_WARN_OBJC_IMPLICIT_RETAIN_SELF = YES;
				CLANG_WARN_OBJC_LITERAL_CONVERSION = YES;
				CLANG_WARN_OBJC_ROOT_CLASS = YES_ERROR;
				CLANG_WARN_QUOTED_INCLUDE_IN_FRAMEWORK_HEADER = YES;
				CLANG_WARN_RANGE_LOOP_ANALYSIS = YES;
				CLANG_WARN_STRICT_PROTOTYPES = YES;
				CLANG_WARN_SUSPICIOUS_MOVE = YES;
				CLANG_WARN_UNGUARDED_AVAILABILITY = YES_AGGRESSIVE;
				CLANG_WARN_UNREACHABLE_CODE = YES;
				CLANG_WARN__DUPLICATE_METHOD_MATCH = YES;
				COPY_PHASE_STRIP = NO;
				DEBUG_INFORMATION_FORMAT = dwarf;
				ENABLE_STRICT_OBJC_MSGSEND = YES;
				ENABLE_TESTABILITY = YES;
				GCC_C_LANGUAGE_STANDARD = gnu11;
				GCC_DYNAMIC_NO_PIC = NO;
				GCC_NO_COMMON_BLOCKS = YES;
				GCC_OPTIMIZATION_LEVEL = 0;
				GCC_PREPROCESSOR_DEFINITIONS = (
					"DEBUG=1",
					"$(inherited)",
				);
				GCC_WARN_64_TO_32_BIT_CONVERSION = YES;
				GCC_WARN_ABOUT_RETURN_TYPE = YES_ERROR;
				GCC_WARN_UNDECLARED_SELECTOR = YES;
				GCC_WARN_UNINITIALIZED_AUTOS = YES_AGGRESSIVE;
				GCC_WARN_UNUSED_FUNCTION = YES;
				GCC_WARN_UNUSED_VARIABLE = YES;
				IPHONEOS_DEPLOYMENT_TARGET = 15.5;
				MTL_ENABLE_DEBUG_INFO = INCLUDE_SOURCE;
				MTL_FAST_MATH = YES;
				ONLY_ACTIVE_ARCH = YES;
				SDKROOT = iphoneos;
				SWIFT_ACTIVE_COMPILATION_CONDITIONS = DEBUG;
				SWIFT_OPTIMIZATION_LEVEL = "-Onone";
			};
			name = Debug;
		};
		3585416E28F8DCFE00609119 /* Release */ = {
			isa = XCBuildConfiguration;
			buildSettings = {
				ALWAYS_SEARCH_USER_PATHS = NO;
				CLANG_ANALYZER_NONNULL = YES;
				CLANG_ANALYZER_NUMBER_OBJECT_CONVERSION = YES_AGGRESSIVE;
				CLANG_CXX_LANGUAGE_STANDARD = "gnu++17";
				CLANG_ENABLE_MODULES = YES;
				CLANG_ENABLE_OBJC_ARC = YES;
				CLANG_ENABLE_OBJC_WEAK = YES;
				CLANG_WARN_BLOCK_CAPTURE_AUTORELEASING = YES;
				CLANG_WARN_BOOL_CONVERSION = YES;
				CLANG_WARN_COMMA = YES;
				CLANG_WARN_CONSTANT_CONVERSION = YES;
				CLANG_WARN_DEPRECATED_OBJC_IMPLEMENTATIONS = YES;
				CLANG_WARN_DIRECT_OBJC_ISA_USAGE = YES_ERROR;
				CLANG_WARN_DOCUMENTATION_COMMENTS = YES;
				CLANG_WARN_EMPTY_BODY = YES;
				CLANG_WARN_ENUM_CONVERSION = YES;
				CLANG_WARN_INFINITE_RECURSION = YES;
				CLANG_WARN_INT_CONVERSION = YES;
				CLANG_WARN_NON_LITERAL_NULL_CONVERSION = YES;
				CLANG_WARN_OBJC_IMPLICIT_RETAIN_SELF = YES;
				CLANG_WARN_OBJC_LITERAL_CONVERSION = YES;
				CLANG_WARN_OBJC_ROOT_CLASS = YES_ERROR;
				CLANG_WARN_QUOTED_INCLUDE_IN_FRAMEWORK_HEADER = YES;
				CLANG_WARN_RANGE_LOOP_ANALYSIS = YES;
				CLANG_WARN_STRICT_PROTOTYPES = YES;
				CLANG_WARN_SUSPICIOUS_MOVE = YES;
				CLANG_WARN_UNGUARDED_AVAILABILITY = YES_AGGRESSIVE;
				CLANG_WARN_UNREACHABLE_CODE = YES;
				CLANG_WARN__DUPLICATE_METHOD_MATCH = YES;
				COPY_PHASE_STRIP = NO;
				DEBUG_INFORMATION_FORMAT = "dwarf-with-dsym";
				ENABLE_NS_ASSERTIONS = NO;
				ENABLE_STRICT_OBJC_MSGSEND = YES;
				GCC_C_LANGUAGE_STANDARD = gnu11;
				GCC_NO_COMMON_BLOCKS = YES;
				GCC_WARN_64_TO_32_BIT_CONVERSION = YES;
				GCC_WARN_ABOUT_RETURN_TYPE = YES_ERROR;
				GCC_WARN_UNDECLARED_SELECTOR = YES;
				GCC_WARN_UNINITIALIZED_AUTOS = YES_AGGRESSIVE;
				GCC_WARN_UNUSED_FUNCTION = YES;
				GCC_WARN_UNUSED_VARIABLE = YES;
				IPHONEOS_DEPLOYMENT_TARGET = 15.5;
				MTL_ENABLE_DEBUG_INFO = NO;
				MTL_FAST_MATH = YES;
				SDKROOT = iphoneos;
				SWIFT_COMPILATION_MODE = wholemodule;
				SWIFT_OPTIMIZATION_LEVEL = "-O";
				VALIDATE_PRODUCT = YES;
			};
			name = Release;
		};
		3585417028F8DCFE00609119 /* Debug */ = {
			isa = XCBuildConfiguration;
			buildSettings = {
				ASSETCATALOG_COMPILER_APPICON_NAME = AppIcon;
				ASSETCATALOG_COMPILER_GLOBAL_ACCENT_COLOR_NAME = AccentColor;
				CODE_SIGN_STYLE = Automatic;
				CURRENT_PROJECT_VERSION = 1;
				GENERATE_INFOPLIST_FILE = YES;
				INFOPLIST_FILE = LnkrTask/Info.plist;
				INFOPLIST_KEY_UIApplicationSupportsIndirectInputEvents = YES;
				INFOPLIST_KEY_UILaunchStoryboardName = LaunchScreen;
				INFOPLIST_KEY_UIMainStoryboardFile = Main;
				INFOPLIST_KEY_UISupportedInterfaceOrientations_iPad = "UIInterfaceOrientationPortrait UIInterfaceOrientationPortraitUpsideDown UIInterfaceOrientationLandscapeLeft UIInterfaceOrientationLandscapeRight";
				INFOPLIST_KEY_UISupportedInterfaceOrientations_iPhone = "UIInterfaceOrientationPortrait UIInterfaceOrientationLandscapeLeft UIInterfaceOrientationLandscapeRight";
				LD_RUNPATH_SEARCH_PATHS = (
					"$(inherited)",
					"@executable_path/Frameworks",
				);
				MARKETING_VERSION = 1.0;
				PRODUCT_BUNDLE_IDENTIFIER = com.test.ya.LnkrTask;
				PRODUCT_NAME = "$(TARGET_NAME)";
				SWIFT_EMIT_LOC_STRINGS = YES;
				SWIFT_VERSION = 5.0;
				TARGETED_DEVICE_FAMILY = "1,2";
			};
			name = Debug;
		};
		3585417128F8DCFE00609119 /* Release */ = {
			isa = XCBuildConfiguration;
			buildSettings = {
				ASSETCATALOG_COMPILER_APPICON_NAME = AppIcon;
				ASSETCATALOG_COMPILER_GLOBAL_ACCENT_COLOR_NAME = AccentColor;
				CODE_SIGN_STYLE = Automatic;
				CURRENT_PROJECT_VERSION = 1;
				GENERATE_INFOPLIST_FILE = YES;
				INFOPLIST_FILE = LnkrTask/Info.plist;
				INFOPLIST_KEY_UIApplicationSupportsIndirectInputEvents = YES;
				INFOPLIST_KEY_UILaunchStoryboardName = LaunchScreen;
				INFOPLIST_KEY_UIMainStoryboardFile = Main;
				INFOPLIST_KEY_UISupportedInterfaceOrientations_iPad = "UIInterfaceOrientationPortrait UIInterfaceOrientationPortraitUpsideDown UIInterfaceOrientationLandscapeLeft UIInterfaceOrientationLandscapeRight";
				INFOPLIST_KEY_UISupportedInterfaceOrientations_iPhone = "UIInterfaceOrientationPortrait UIInterfaceOrientationLandscapeLeft UIInterfaceOrientationLandscapeRight";
				LD_RUNPATH_SEARCH_PATHS = (
					"$(inherited)",
					"@executable_path/Frameworks",
				);
				MARKETING_VERSION = 1.0;
				PRODUCT_BUNDLE_IDENTIFIER = com.test.ya.LnkrTask;
				PRODUCT_NAME = "$(TARGET_NAME)";
				SWIFT_EMIT_LOC_STRINGS = YES;
				SWIFT_VERSION = 5.0;
				TARGETED_DEVICE_FAMILY = "1,2";
			};
			name = Release;
		};
		3585417328F8DCFE00609119 /* Debug */ = {
			isa = XCBuildConfiguration;
			buildSettings = {
				ALWAYS_EMBED_SWIFT_STANDARD_LIBRARIES = YES;
				BUNDLE_LOADER = "$(TEST_HOST)";
				CODE_SIGN_STYLE = Automatic;
				CURRENT_PROJECT_VERSION = 1;
				GENERATE_INFOPLIST_FILE = YES;
				IPHONEOS_DEPLOYMENT_TARGET = 15.5;
				MARKETING_VERSION = 1.0;
				PRODUCT_BUNDLE_IDENTIFIER = com.test.ya.LnkrTaskTests;
				PRODUCT_NAME = "$(TARGET_NAME)";
				SWIFT_EMIT_LOC_STRINGS = NO;
				SWIFT_VERSION = 5.0;
				TARGETED_DEVICE_FAMILY = "1,2";
				TEST_HOST = "$(BUILT_PRODUCTS_DIR)/LnkrTask.app/LnkrTask";
			};
			name = Debug;
		};
		3585417428F8DCFE00609119 /* Release */ = {
			isa = XCBuildConfiguration;
			buildSettings = {
				ALWAYS_EMBED_SWIFT_STANDARD_LIBRARIES = YES;
				BUNDLE_LOADER = "$(TEST_HOST)";
				CODE_SIGN_STYLE = Automatic;
				CURRENT_PROJECT_VERSION = 1;
				GENERATE_INFOPLIST_FILE = YES;
				IPHONEOS_DEPLOYMENT_TARGET = 15.5;
				MARKETING_VERSION = 1.0;
				PRODUCT_BUNDLE_IDENTIFIER = com.test.ya.LnkrTaskTests;
				PRODUCT_NAME = "$(TARGET_NAME)";
				SWIFT_EMIT_LOC_STRINGS = NO;
				SWIFT_VERSION = 5.0;
				TARGETED_DEVICE_FAMILY = "1,2";
				TEST_HOST = "$(BUILT_PRODUCTS_DIR)/LnkrTask.app/LnkrTask";
			};
			name = Release;
		};
		3585417628F8DCFE00609119 /* Debug */ = {
			isa = XCBuildConfiguration;
			buildSettings = {
				ALWAYS_EMBED_SWIFT_STANDARD_LIBRARIES = YES;
				CODE_SIGN_STYLE = Automatic;
				CURRENT_PROJECT_VERSION = 1;
				GENERATE_INFOPLIST_FILE = YES;
				MARKETING_VERSION = 1.0;
				PRODUCT_BUNDLE_IDENTIFIER = com.test.ya.LnkrTaskUITests;
				PRODUCT_NAME = "$(TARGET_NAME)";
				SWIFT_EMIT_LOC_STRINGS = NO;
				SWIFT_VERSION = 5.0;
				TARGETED_DEVICE_FAMILY = "1,2";
				TEST_TARGET_NAME = LnkrTask;
			};
			name = Debug;
		};
		3585417728F8DCFE00609119 /* Release */ = {
			isa = XCBuildConfiguration;
			buildSettings = {
				ALWAYS_EMBED_SWIFT_STANDARD_LIBRARIES = YES;
				CODE_SIGN_STYLE = Automatic;
				CURRENT_PROJECT_VERSION = 1;
				GENERATE_INFOPLIST_FILE = YES;
				MARKETING_VERSION = 1.0;
				PRODUCT_BUNDLE_IDENTIFIER = com.test.ya.LnkrTaskUITests;
				PRODUCT_NAME = "$(TARGET_NAME)";
				SWIFT_EMIT_LOC_STRINGS = NO;
				SWIFT_VERSION = 5.0;
				TARGETED_DEVICE_FAMILY = "1,2";
				TEST_TARGET_NAME = LnkrTask;
			};
			name = Release;
		};
/* End XCBuildConfiguration section */

/* Begin XCConfigurationList section */
		3585413D28F8DCFA00609119 /* Build configuration list for PBXProject "LnkrTask" */ = {
			isa = XCConfigurationList;
			buildConfigurations = (
				3585416D28F8DCFE00609119 /* Debug */,
				3585416E28F8DCFE00609119 /* Release */,
			);
			defaultConfigurationIsVisible = 0;
			defaultConfigurationName = Release;
		};
		3585416F28F8DCFE00609119 /* Build configuration list for PBXNativeTarget "LnkrTask" */ = {
			isa = XCConfigurationList;
			buildConfigurations = (
				3585417028F8DCFE00609119 /* Debug */,
				3585417128F8DCFE00609119 /* Release */,
			);
			defaultConfigurationIsVisible = 0;
			defaultConfigurationName = Release;
		};
		3585417228F8DCFE00609119 /* Build configuration list for PBXNativeTarget "LnkrTaskTests" */ = {
			isa = XCConfigurationList;
			buildConfigurations = (
				3585417328F8DCFE00609119 /* Debug */,
				3585417428F8DCFE00609119 /* Release */,
			);
			defaultConfigurationIsVisible = 0;
			defaultConfigurationName = Release;
		};
		3585417528F8DCFE00609119 /* Build configuration list for PBXNativeTarget "LnkrTaskUITests" */ = {
			isa = XCConfigurationList;
			buildConfigurations = (
				3585417628F8DCFE00609119 /* Debug */,
				3585417728F8DCFE00609119 /* Release */,
			);
			defaultConfigurationIsVisible = 0;
			defaultConfigurationName = Release;
		};
/* End XCConfigurationList section */

/* Begin XCVersionGroup section */
		3585414E28F8DCFB00609119 /* LnkrTask.xcdatamodeld */ = {
			isa = XCVersionGroup;
			children = (
				3585414F28F8DCFB00609119 /* LnkrTask.xcdatamodel */,
			);
			currentVersion = 3585414F28F8DCFB00609119 /* LnkrTask.xcdatamodel */;
			path = LnkrTask.xcdatamodeld;
			sourceTree = "<group>";
			versionGroupType = wrapper.xcdatamodel;
		};
/* End XCVersionGroup section */
	};
	rootObject = 3585413A28F8DCFA00609119 /* Project object */;
}
